// !$*UTF8*$!
{
	archiveVersion = 1;
	classes = {
	};
	objectVersion = 50;
	objects = {

/* Begin PBXBuildFile section */
		DE44AAD12152E35700D0AA6D /* AppDelegate.swift in Sources */ = {isa = PBXBuildFile; fileRef = DE44AAD02152E35700D0AA6D /* AppDelegate.swift */; };
		DE44AAD32152E35700D0AA6D /* ViewController.swift in Sources */ = {isa = PBXBuildFile; fileRef = DE44AAD22152E35700D0AA6D /* ViewController.swift */; };
		DE44AAD62152E35700D0AA6D /* Main.storyboard in Resources */ = {isa = PBXBuildFile; fileRef = DE44AAD42152E35700D0AA6D /* Main.storyboard */; };
		DE44AAD82152E35800D0AA6D /* Assets.xcassets in Resources */ = {isa = PBXBuildFile; fileRef = DE44AAD72152E35800D0AA6D /* Assets.xcassets */; };
		DE44AADB2152E35800D0AA6D /* LaunchScreen.storyboard in Resources */ = {isa = PBXBuildFile; fileRef = DE44AAD92152E35800D0AA6D /* LaunchScreen.storyboard */; };
		DEE84E8D2152E3F8002F3379 /* LoadingUI.framework in Frameworks */ = {isa = PBXBuildFile; fileRef = DEE84E8C2152E3EB002F3379 /* LoadingUI.framework */; };
		DEE84E8E2152E3F8002F3379 /* LoadingUI.framework in Embed Frameworks */ = {isa = PBXBuildFile; fileRef = DEE84E8C2152E3EB002F3379 /* LoadingUI.framework */; settings = {ATTRIBUTES = (CodeSignOnCopy, RemoveHeadersOnCopy, ); }; };
/* End PBXBuildFile section */

/* Begin PBXContainerItemProxy section */
		DEE84E8B2152E3EB002F3379 /* PBXContainerItemProxy */ = {
			isa = PBXContainerItemProxy;
			containerPortal = DEE84E872152E3EB002F3379 /* LoadingUI.xcodeproj */;
			proxyType = 2;
			remoteGlobalIDString = DE44AAB92152E32900D0AA6D;
			remoteInfo = LoadingUI;
		};
		DEE84E8F2152E3F8002F3379 /* PBXContainerItemProxy */ = {
			isa = PBXContainerItemProxy;
			containerPortal = DEE84E872152E3EB002F3379 /* LoadingUI.xcodeproj */;
			proxyType = 1;
			remoteGlobalIDString = DE44AAB82152E32900D0AA6D;
			remoteInfo = LoadingUI;
		};
/* End PBXContainerItemProxy section */

/* Begin PBXCopyFilesBuildPhase section */
		DEE84E912152E3F8002F3379 /* Embed Frameworks */ = {
			isa = PBXCopyFilesBuildPhase;
			buildActionMask = 2147483647;
			dstPath = "";
			dstSubfolderSpec = 10;
			files = (
				DEE84E8E2152E3F8002F3379 /* LoadingUI.framework in Embed Frameworks */,
			);
			name = "Embed Frameworks";
			runOnlyForDeploymentPostprocessing = 0;
		};
/* End PBXCopyFilesBuildPhase section */

/* Begin PBXFileReference section */
		DE44AACD2152E35700D0AA6D /* LoadingUIApp.app */ = {isa = PBXFileReference; explicitFileType = wrapper.application; includeInIndex = 0; path = LoadingUIApp.app; sourceTree = BUILT_PRODUCTS_DIR; };
		DE44AAD02152E35700D0AA6D /* AppDelegate.swift */ = {isa = PBXFileReference; lastKnownFileType = sourcecode.swift; path = AppDelegate.swift; sourceTree = "<group>"; };
		DE44AAD22152E35700D0AA6D /* ViewController.swift */ = {isa = PBXFileReference; lastKnownFileType = sourcecode.swift; path = ViewController.swift; sourceTree = "<group>"; };
		DE44AAD52152E35700D0AA6D /* Base */ = {isa = PBXFileReference; lastKnownFileType = file.storyboard; name = Base; path = Base.lproj/Main.storyboard; sourceTree = "<group>"; };
		DE44AAD72152E35800D0AA6D /* Assets.xcassets */ = {isa = PBXFileReference; lastKnownFileType = folder.assetcatalog; path = Assets.xcassets; sourceTree = "<group>"; };
		DE44AADA2152E35800D0AA6D /* Base */ = {isa = PBXFileReference; lastKnownFileType = file.storyboard; name = Base; path = Base.lproj/LaunchScreen.storyboard; sourceTree = "<group>"; };
		DE44AADC2152E35800D0AA6D /* Info.plist */ = {isa = PBXFileReference; lastKnownFileType = text.plist.xml; path = Info.plist; sourceTree = "<group>"; };
		DEE84E872152E3EB002F3379 /* LoadingUI.xcodeproj */ = {isa = PBXFileReference; lastKnownFileType = "wrapper.pb-project"; name = LoadingUI.xcodeproj; path = ../../LoadingUI/LoadingUI.xcodeproj; sourceTree = "<group>"; };
/* End PBXFileReference section */

/* Begin PBXFrameworksBuildPhase section */
		DE44AACA2152E35700D0AA6D /* Frameworks */ = {
			isa = PBXFrameworksBuildPhase;
			buildActionMask = 2147483647;
			files = (
				DEE84E8D2152E3F8002F3379 /* LoadingUI.framework in Frameworks */,
			);
			runOnlyForDeploymentPostprocessing = 0;
		};
/* End PBXFrameworksBuildPhase section */

/* Begin PBXGroup section */
		DE44AAC42152E35700D0AA6D = {
			isa = PBXGroup;
			children = (
				DE44AACF2152E35700D0AA6D /* LoadingUIApp */,
				DE44AACE2152E35700D0AA6D /* Products */,
			);
			sourceTree = "<group>";
		};
		DE44AACE2152E35700D0AA6D /* Products */ = {
			isa = PBXGroup;
			children = (
				DE44AACD2152E35700D0AA6D /* LoadingUIApp.app */,
			);
			name = Products;
			sourceTree = "<group>";
		};
		DE44AACF2152E35700D0AA6D /* LoadingUIApp */ = {
			isa = PBXGroup;
			children = (
				DE44AAD02152E35700D0AA6D /* AppDelegate.swift */,
				DE44AAD22152E35700D0AA6D /* ViewController.swift */,
				DE44AAD42152E35700D0AA6D /* Main.storyboard */,
				DE44AAD72152E35800D0AA6D /* Assets.xcassets */,
				DE44AAD92152E35800D0AA6D /* LaunchScreen.storyboard */,
				DE44AADC2152E35800D0AA6D /* Info.plist */,
				DEE84E872152E3EB002F3379 /* LoadingUI.xcodeproj */,
			);
			path = LoadingUIApp;
			sourceTree = "<group>";
		};
		DEE84E882152E3EB002F3379 /* Products */ = {
			isa = PBXGroup;
			children = (
				DEE84E8C2152E3EB002F3379 /* LoadingUI.framework */,
			);
			name = Products;
			sourceTree = "<group>";
		};
/* End PBXGroup section */

/* Begin PBXNativeTarget section */
		DE44AACC2152E35700D0AA6D /* LoadingUIApp */ = {
			isa = PBXNativeTarget;
			buildConfigurationList = DE44AADF2152E35800D0AA6D /* Build configuration list for PBXNativeTarget "LoadingUIApp" */;
			buildPhases = (
				DE44AAC92152E35700D0AA6D /* Sources */,
				DE44AACA2152E35700D0AA6D /* Frameworks */,
				DE44AACB2152E35700D0AA6D /* Resources */,
				DEE84E912152E3F8002F3379 /* Embed Frameworks */,
			);
			buildRules = (
			);
			dependencies = (
				DEE84E902152E3F8002F3379 /* PBXTargetDependency */,
			);
			name = LoadingUIApp;
			productName = LoadingUIApp;
			productReference = DE44AACD2152E35700D0AA6D /* LoadingUIApp.app */;
			productType = "com.apple.product-type.application";
		};
/* End PBXNativeTarget section */

/* Begin PBXProject section */
		DE44AAC52152E35700D0AA6D /* Project object */ = {
			isa = PBXProject;
			attributes = {
				LastSwiftUpdateCheck = 1000;
				LastUpgradeCheck = 1000;
				ORGANIZATIONNAME = "Carolyn Lea";
				TargetAttributes = {
					DE44AACC2152E35700D0AA6D = {
						CreatedOnToolsVersion = 10.0;
					};
				};
			};
			buildConfigurationList = DE44AAC82152E35700D0AA6D /* Build configuration list for PBXProject "LoadingUIApp" */;
			compatibilityVersion = "Xcode 9.3";
			developmentRegion = en;
			hasScannedForEncodings = 0;
			knownRegions = (
				en,
				Base,
			);
			mainGroup = DE44AAC42152E35700D0AA6D;
			productRefGroup = DE44AACE2152E35700D0AA6D /* Products */;
			projectDirPath = "";
			projectReferences = (
				{
					ProductGroup = DEE84E882152E3EB002F3379 /* Products */;
					ProjectRef = DEE84E872152E3EB002F3379 /* LoadingUI.xcodeproj */;
				},
			);
			projectRoot = "";
			targets = (
				DE44AACC2152E35700D0AA6D /* LoadingUIApp */,
			);
		};
/* End PBXProject section */

/* Begin PBXReferenceProxy section */
		DEE84E8C2152E3EB002F3379 /* LoadingUI.framework */ = {
			isa = PBXReferenceProxy;
			fileType = wrapper.framework;
			path = LoadingUI.framework;
			remoteRef = DEE84E8B2152E3EB002F3379 /* PBXContainerItemProxy */;
			sourceTree = BUILT_PRODUCTS_DIR;
		};
/* End PBXReferenceProxy section */

/* Begin PBXResourcesBuildPhase section */
		DE44AACB2152E35700D0AA6D /* Resources */ = {
			isa = PBXResourcesBuildPhase;
			buildActionMask = 2147483647;
			files = (
				DE44AADB2152E35800D0AA6D /* LaunchScreen.storyboard in Resources */,
				DE44AAD82152E35800D0AA6D /* Assets.xcassets in Resources */,
				DE44AAD62152E35700D0AA6D /* Main.storyboard in Resources */,
			);
			runOnlyForDeploymentPostprocessing = 0;
		};
/* End PBXResourcesBuildPhase section */

/* Begin PBXSourcesBuildPhase section */
		DE44AAC92152E35700D0AA6D /* Sources */ = {
			isa = PBXSourcesBuildPhase;
			buildActionMask = 2147483647;
			files = (
				DE44AAD32152E35700D0AA6D /* ViewController.swift in Sources */,
				DE44AAD12152E35700D0AA6D /* AppDelegate.swift in Sources */,
			);
			runOnlyForDeploymentPostprocessing = 0;
		};
/* End PBXSourcesBuildPhase section */

/* Begin PBXTargetDependency section */
		DEE84E902152E3F8002F3379 /* PBXTargetDependency */ = {
			isa = PBXTargetDependency;
			name = LoadingUI;
			targetProxy = DEE84E8F2152E3F8002F3379 /* PBXContainerItemProxy */;
		};
/* End PBXTargetDependency section */

/* Begin PBXVariantGroup section */
		DE44AAD42152E35700D0AA6D /* Main.storyboard */ = {
			isa = PBXVariantGroup;
			children = (
				DE44AAD52152E35700D0AA6D /* Base */,
			);
			name = Main.storyboard;
			sourceTree = "<group>";
		};
		DE44AAD92152E35800D0AA6D /* LaunchScreen.storyboard */ = {
			isa = PBXVariantGroup;
			children = (
				DE44AADA2152E35800D0AA6D /* Base */,
			);
			name = LaunchScreen.storyboard;
			sourceTree = "<group>";
		};
/* End PBXVariantGroup section */

/* Begin XCBuildConfiguration section */
		DE44AADD2152E35800D0AA6D /* Debug */ = {
			isa = XCBuildConfiguration;
			buildSettings = {
				ALWAYS_SEARCH_USER_PATHS = NO;
				CLANG_ANALYZER_NONNULL = YES;
				CLANG_ANALYZER_NUMBER_OBJECT_CONVERSION = YES_AGGRESSIVE;
				CLANG_CXX_LANGUAGE_STANDARD = "gnu++14";
				CLANG_CXX_LIBRARY = "libc++";
				CLANG_ENABLE_MODULES = YES;
				CLANG_ENABLE_OBJC_ARC = YES;
				CLANG_ENABLE_OBJC_WEAK = YES;
				CLANG_WARN_BLOCK_CAPTURE_AUTORELEASING = YES;
				CLANG_WARN_BOOL_CONVERSION = YES;
				CLANG_WARN_COMMA = YES;
				CLANG_WARN_CONSTANT_CONVERSION = YES;
				CLANG_WARN_DEPRECATED_OBJC_IMPLEMENTATIONS = YES;
				CLANG_WARN_DIRECT_OBJC_ISA_USAGE = YES_ERROR;
				CLANG_WARN_DOCUMENTATION_COMMENTS = YES;
				CLANG_WARN_EMPTY_BODY = YES;
				CLANG_WARN_ENUM_CONVERSION = YES;
				CLANG_WARN_INFINITE_RECURSION = YES;
				CLANG_WARN_INT_CONVERSION = YES;
				CLANG_WARN_NON_LITERAL_NULL_CONVERSION = YES;
				CLANG_WARN_OBJC_IMPLICIT_RETAIN_SELF = YES;
				CLANG_WARN_OBJC_LITERAL_CONVERSION = YES;
				CLANG_WARN_OBJC_ROOT_CLASS = YES_ERROR;
				CLANG_WARN_RANGE_LOOP_ANALYSIS = YES;
				CLANG_WARN_STRICT_PROTOTYPES = YES;
				CLANG_WARN_SUSPICIOUS_MOVE = YES;
				CLANG_WARN_UNGUARDED_AVAILABILITY = YES_AGGRESSIVE;
				CLANG_WARN_UNREACHABLE_CODE = YES;
				CLANG_WARN__DUPLICATE_METHOD_MATCH = YES;
				CODE_SIGN_IDENTITY = "iPhone Developer";
				COPY_PHASE_STRIP = NO;
				DEBUG_INFORMATION_FORMAT = dwarf;
				ENABLE_STRICT_OBJC_MSGSEND = YES;
				ENABLE_TESTABILITY = YES;
				GCC_C_LANGUAGE_STANDARD = gnu11;
				GCC_DYNAMIC_NO_PIC = NO;
				GCC_NO_COMMON_BLOCKS = YES;
				GCC_OPTIMIZATION_LEVEL = 0;
				GCC_PREPROCESSOR_DEFINITIONS = (
					"DEBUG=1",
					"$(inherited)",
				);
				GCC_WARN_64_TO_32_BIT_CONVERSION = YES;
				GCC_WARN_ABOUT_RETURN_TYPE = YES_ERROR;
				GCC_WARN_UNDECLARED_SELECTOR = YES;
				GCC_WARN_UNINITIALIZED_AUTOS = YES_AGGRESSIVE;
				GCC_WARN_UNUSED_FUNCTION = YES;
				GCC_WARN_UNUSED_VARIABLE = YES;
				IPHONEOS_DEPLOYMENT_TARGET = 12.0;
				MTL_ENABLE_DEBUG_INFO = INCLUDE_SOURCE;
				MTL_FAST_MATH = YES;
				ONLY_ACTIVE_ARCH = YES;
				SDKROOT = iphoneos;
				SWIFT_ACTIVE_COMPILATION_CONDITIONS = DEBUG;
				SWIFT_OPTIMIZATION_LEVEL = "-Onone";
			};
			name = Debug;
		};
		DE44AADE2152E35800D0AA6D /* Release */ = {
			isa = XCBuildConfiguration;
			buildSettings = {
				ALWAYS_SEARCH_USER_PATHS = NO;
				CLANG_ANALYZER_NONNULL = YES;
				CLANG_ANALYZER_NUMBER_OBJECT_CONVERSION = YES_AGGRESSIVE;
				CLANG_CXX_LANGUAGE_STANDARD = "gnu++14";
				CLANG_CXX_LIBRARY = "libc++";
				CLANG_ENABLE_MODULES = YES;
				CLANG_ENABLE_OBJC_ARC = YES;
				CLANG_ENABLE_OBJC_WEAK = YES;
				CLANG_WARN_BLOCK_CAPTURE_AUTORELEASING = YES;
				CLANG_WARN_BOOL_CONVERSION = YES;
				CLANG_WARN_COMMA = YES;
				CLANG_WARN_CONSTANT_CONVERSION = YES;
				CLANG_WARN_DEPRECATED_OBJC_IMPLEMENTATIONS = YES;
				CLANG_WARN_DIRECT_OBJC_ISA_USAGE = YES_ERROR;
				CLANG_WARN_DOCUMENTATION_COMMENTS = YES;
				CLANG_WARN_EMPTY_BODY = YES;
				CLANG_WARN_ENUM_CONVERSION = YES;
				CLANG_WARN_INFINITE_RECURSION = YES;
				CLANG_WARN_INT_CONVERSION = YES;
				CLANG_WARN_NON_LITERAL_NULL_CONVERSION = YES;
				CLANG_WARN_OBJC_IMPLICIT_RETAIN_SELF = YES;
				CLANG_WARN_OBJC_LITERAL_CONVERSION = YES;
				CLANG_WARN_OBJC_ROOT_CLASS = YES_ERROR;
				CLANG_WARN_RANGE_LOOP_ANALYSIS = YES;
				CLANG_WARN_STRICT_PROTOTYPES = YES;
				CLANG_WARN_SUSPICIOUS_MOVE = YES;
				CLANG_WARN_UNGUARDED_AVAILABILITY = YES_AGGRESSIVE;
				CLANG_WARN_UNREACHABLE_CODE = YES;
				CLANG_WARN__DUPLICATE_METHOD_MATCH = YES;
				CODE_SIGN_IDENTITY = "iPhone Developer";
				COPY_PHASE_STRIP = NO;
				DEBUG_INFORMATION_FORMAT = "dwarf-with-dsym";
				ENABLE_NS_ASSERTIONS = NO;
				ENABLE_STRICT_OBJC_MSGSEND = YES;
				GCC_C_LANGUAGE_STANDARD = gnu11;
				GCC_NO_COMMON_BLOCKS = YES;
				GCC_WARN_64_TO_32_BIT_CONVERSION = YES;
				GCC_WARN_ABOUT_RETURN_TYPE = YES_ERROR;
				GCC_WARN_UNDECLARED_SELECTOR = YES;
				GCC_WARN_UNINITIALIZED_AUTOS = YES_AGGRESSIVE;
				GCC_WARN_UNUSED_FUNCTION = YES;
				GCC_WARN_UNUSED_VARIABLE = YES;
				IPHONEOS_DEPLOYMENT_TARGET = 12.0;
				MTL_ENABLE_DEBUG_INFO = NO;
				MTL_FAST_MATH = YES;
				SDKROOT = iphoneos;
				SWIFT_COMPILATION_MODE = wholemodule;
				SWIFT_OPTIMIZATION_LEVEL = "-O";
				VALIDATE_PRODUCT = YES;
			};
			name = Release;
		};
		DE44AAE02152E35800D0AA6D /* Debug */ = {
			isa = XCBuildConfiguration;
			buildSettings = {
				ASSETCATALOG_COMPILER_APPICON_NAME = AppIcon;
				CODE_SIGN_STYLE = Automatic;
				DEVELOPMENT_TEAM = W6G6Q9E6ZA;
				INFOPLIST_FILE = LoadingUIApp/Info.plist;
				LD_RUNPATH_SEARCH_PATHS = (
					"$(inherited)",
					"@executable_path/Frameworks",
				);
				PRODUCT_BUNDLE_IDENTIFIER = com.leastudios.LoadingUIApp;
				PRODUCT_NAME = "$(TARGET_NAME)";
				SWIFT_VERSION = 4.2;
				TARGETED_DEVICE_FAMILY = "1,2";
			};
			name = Debug;
		};
		DE44AAE12152E35800D0AA6D /* Release */ = {
			isa = XCBuildConfiguration;
			buildSettings = {
				ASSETCATALOG_COMPILER_APPICON_NAME = AppIcon;
				CODE_SIGN_STYLE = Automatic;
				DEVELOPMENT_TEAM = W6G6Q9E6ZA;
				INFOPLIST_FILE = LoadingUIApp/Info.plist;
				LD_RUNPATH_SEARCH_PATHS = (
					"$(inherited)",
					"@executable_path/Frameworks",
				);
				PRODUCT_BUNDLE_IDENTIFIER = com.leastudios.LoadingUIApp;
				PRODUCT_NAME = "$(TARGET_NAME)";
				SWIFT_VERSION = 4.2;
				TARGETED_DEVICE_FAMILY = "1,2";
			};
			name = Release;
		};
/* End XCBuildConfiguration section */

/* Begin XCConfigurationList section */
		DE44AAC82152E35700D0AA6D /* Build configuration list for PBXProject "LoadingUIApp" */ = {
			isa = XCConfigurationList;
			buildConfigurations = (
				DE44AADD2152E35800D0AA6D /* Debug */,
				DE44AADE2152E35800D0AA6D /* Release */,
			);
			defaultConfigurationIsVisible = 0;
			defaultConfigurationName = Release;
		};
		DE44AADF2152E35800D0AA6D /* Build configuration list for PBXNativeTarget "LoadingUIApp" */ = {
			isa = XCConfigurationList;
			buildConfigurations = (
				DE44AAE02152E35800D0AA6D /* Debug */,
				DE44AAE12152E35800D0AA6D /* Release */,
			);
			defaultConfigurationIsVisible = 0;
			defaultConfigurationName = Release;
		};
/* End XCConfigurationList section */
	};
	rootObject = DE44AAC52152E35700D0AA6D /* Project object */;
}
